{
  "name": "innovation",
  "version": "1.0.0",
  "lockfileVersion": 1,
  "requires": true,
  "dependencies": {
    "belter": {
      "version": "1.0.190",
      "resolved": "https://registry.npmjs.org/belter/-/belter-1.0.190.tgz",
      "integrity": "sha512-jz05FHrO+bwitdI6JxV5ESyRdVhTcwMWQ7L4o+q/R4LNJFQrG58sp9EiwsSjhbihhiyYFcmmCMRRagxte6igtw==",
      "requires": {
        "cross-domain-safe-weakmap": "^1",
        "cross-domain-utils": "^2",
        "zalgo-promise": "^1"
      }
    },
    "cross-domain-safe-weakmap": {
      "version": "1.0.29",
      "resolved": "https://registry.npmjs.org/cross-domain-safe-weakmap/-/cross-domain-safe-weakmap-1.0.29.tgz",
      "integrity": "sha512-VLoUgf2SXnf3+na8NfeUFV59TRZkIJqCIATaMdbhccgtnTlSnHXkyTRwokngEGYdQXx8JbHT9GDYitgR2sdjuA==",
      "requires": {
        "cross-domain-utils": "^2.0.0"
      }
    },
    "cross-domain-utils": {
      "version": "2.0.38",
      "resolved": "https://registry.npmjs.org/cross-domain-utils/-/cross-domain-utils-2.0.38.tgz",
      "integrity": "sha512-zZfi3+2EIR9l4chrEiXI2xFleyacsJf8YMLR1eJ0Veb5FTMXeJ3DpxDjZkto2FhL/g717WSELqbptNSo85UJDw==",
      "requires": {
        "zalgo-promise": "^1.0.11"
      }
    },
    "jsx-pragmatic": {
      "version": "2.0.22",
      "resolved": "https://registry.npmjs.org/jsx-pragmatic/-/jsx-pragmatic-2.0.22.tgz",
      "integrity": "sha512-3AeehQzwirOTarn+cXVsjWfpJu4AzQuzPlze6JC53MQj59VwC1uLWCB+rsL9riFmemHw2ZF9Y7mRKCMZRitf4g=="
    },
    "post-robot": {
      "version": "10.0.46",
      "resolved": "https://registry.npmjs.org/post-robot/-/post-robot-10.0.46.tgz",
      "integrity": "sha512-EgVJiuvI4iRWDZvzObWes0X/n8olWBEJWxlSw79zmhpgkigX8UsVL4VOBhVtoJKwf0Y9qP9g2zOONw1rv80QbA==",
      "requires": {
        "belter": "^1.0.41",
        "cross-domain-safe-weakmap": "^1.0.1",
        "cross-domain-utils": "^2.0.0",
        "universal-serialize": "^1.0.4",
        "zalgo-promise": "^1.0.3"
      }
    },
    "universal-serialize": {
      "version": "1.0.10",
      "resolved": "https://registry.npmjs.org/universal-serialize/-/universal-serialize-1.0.10.tgz",
      "integrity": "sha512-FdouA4xSFa0fudk1+z5vLWtxZCoC0Q9lKYV3uUdFl7DttNfolmiw2ASr5ddY+/Yz6Isr68u3IqC9XMSwMP+Pow=="
    },
    "zalgo-promise": {
      "version": "1.0.48",
      "resolved": "https://registry.npmjs.org/zalgo-promise/-/zalgo-promise-1.0.48.tgz",
      "integrity": "sha512-LLHANmdm53+MucY9aOFIggzYtUdkSBFxUsy4glTTQYNyK6B3uCPWTbfiGvSrEvLojw0mSzyFJ1/RRLv+QMNdzQ=="
    },
    "zoid": {
      "version": "9.0.86",
      "resolved": "https://registry.npmjs.org/zoid/-/zoid-9.0.86.tgz",
      "integrity": "sha512-hWcLj0s4cHKErUUn0Nz2bvuCStA9/y3sz/0gFxvAhompu9v54i+Pik0Kx39pWPB8qbiEN7MRyHohv1ZERlHeSg==",
      "requires": {
        "belter": "^1.0.123",
        "cross-domain-utils": "^2.0.33",
        "post-robot": "^10",
        "zalgo-promise": "^1.0.45"
      }
    }
  }
}
